# THIS IS AN AUTOGENERATED FILE. DO NOT EDIT THIS FILE DIRECTLY.
# yarn lockfile v1


"@babel/runtime@^7.24.5", "@babel/runtime@^7.5.5", "@babel/runtime@^7.8.7":
  version "7.24.5"
  resolved "https://registry.yarnpkg.com/@babel/runtime/-/runtime-7.24.5.tgz#230946857c053a36ccc66e1dd03b17dd0c4ed02c"
  integrity sha512-Nms86NXrsaeU9vbBJKni6gXiEXZ4CVpYVzEjDH9Sb8vmZ3UljyA1GSOJl/6LGPO8EHLuSF9H+IxNXHPX8QHJ4g==
  dependencies:
    regenerator-runtime "^0.14.0"

"@floating-ui/core@^1.0.0":
  version "1.6.2"
  resolved "https://registry.yarnpkg.com/@floating-ui/core/-/core-1.6.2.tgz#d37f3e0ac1f1c756c7de45db13303a266226851a"
  integrity sha512-+2XpQV9LLZeanU4ZevzRnGFg2neDeKHgFLjP6YLW+tly0IvrhqT4u8enLGjLH3qeh85g19xY5rsAusfwTdn5lg==
  dependencies:
    "@floating-ui/utils" "^0.2.0"

"@floating-ui/dom@^1.0.0":
  version "1.6.5"
  resolved "https://registry.yarnpkg.com/@floating-ui/dom/-/dom-1.6.5.tgz#323f065c003f1d3ecf0ff16d2c2c4d38979f4cb9"
  integrity sha512-Nsdud2X65Dz+1RHjAIP0t8z5e2ff/IRbei6BqFrl1urT8sDVzM1HMQ+R0XcU5ceRfyO3I6ayeqIfh+6Wb8LGTw==
  dependencies:
    "@floating-ui/core" "^1.0.0"
    "@floating-ui/utils" "^0.2.0"

"@floating-ui/react-dom@^2.0.0":
  version "2.0.9"
  resolved "https://registry.yarnpkg.com/@floating-ui/react-dom/-/react-dom-2.0.9.tgz#264ba8b061000baa132b5910f0427a6acf7ad7ce"
  integrity sha512-q0umO0+LQK4+p6aGyvzASqKbKOJcAHJ7ycE9CuUvfx3s9zTHWmGJTPOIlM/hmSBfUfg/XfY5YhLBLR/LHwShQQ==
  dependencies:
    "@floating-ui/dom" "^1.0.0"

"@floating-ui/react@^0.26.2":
  version "0.26.15"
  resolved "https://registry.yarnpkg.com/@floating-ui/react/-/react-0.26.15.tgz#d3103a2c77923749458edb304598b37ea852ef56"
  integrity sha512-WKmfLkxTwCm09Dxq4LpjL3EPbZVSp5wvnap1jmculsfnzg2Ag/pCkP+OPyjE5dFMXqX97hsLIqJehboZ5XAHXw==
  dependencies:
    "@floating-ui/react-dom" "^2.0.0"
    "@floating-ui/utils" "^0.2.0"
    tabbable "^6.0.0"

"@floating-ui/utils@^0.2.0":
  version "0.2.2"
  resolved "https://registry.yarnpkg.com/@floating-ui/utils/-/utils-0.2.2.tgz#d8bae93ac8b815b2bd7a98078cf91e2724ef11e5"
  integrity sha512-J4yDIIthosAsRZ5CPYP/jQvUAQtlZTTD/4suA08/FEnlxqW3sKS9iAhgsa9VYLZ6vDHn/ixJgIqRQPotoBjxIw==

"@kurkle/color@^0.3.0":
  version "0.3.2"
  resolved "https://registry.yarnpkg.com/@kurkle/color/-/color-0.3.2.tgz#5acd38242e8bde4f9986e7913c8fdf49d3aa199f"
  integrity sha512-fuscdXJ9G1qb7W8VdHi+IwRqij3lBkosAm4ydQtEmbY58OzHXqQhvlxqEkoz0yssNVn38bcpRWgA9PP+OGoisw==

"@next/env@14.1.4":
  version "14.1.4"
  resolved "https://registry.yarnpkg.com/@next/env/-/env-14.1.4.tgz#432e80651733fbd67230bf262aee28be65252674"
  integrity sha512-e7X7bbn3Z6DWnDi75UWn+REgAbLEqxI8Tq2pkFOFAMpWAWApz/YCUhtWMWn410h8Q2fYiYL7Yg5OlxMOCfFjJQ==

"@next/swc-darwin-arm64@14.1.4":
  version "14.1.4"
  resolved "https://registry.yarnpkg.com/@next/swc-darwin-arm64/-/swc-darwin-arm64-14.1.4.tgz#a3bca0dc4393ac4cf3169bbf24df63441de66bb7"
  integrity sha512-ubmUkbmW65nIAOmoxT1IROZdmmJMmdYvXIe8211send9ZYJu+SqxSnJM4TrPj9wmL6g9Atvj0S/2cFmMSS99jg==

"@next/swc-darwin-x64@14.1.4":
  version "14.1.4"
  resolved "https://registry.yarnpkg.com/@next/swc-darwin-x64/-/swc-darwin-x64-14.1.4.tgz#ba3683d4e2d30099f3f2864dd7349a4d9f440140"
  integrity sha512-b0Xo1ELj3u7IkZWAKcJPJEhBop117U78l70nfoQGo4xUSvv0PJSTaV4U9xQBLvZlnjsYkc8RwQN1HoH/oQmLlQ==

"@next/swc-linux-arm64-gnu@14.1.4":
  version "14.1.4"
  resolved "https://registry.yarnpkg.com/@next/swc-linux-arm64-gnu/-/swc-linux-arm64-gnu-14.1.4.tgz#3519969293f16379954b7e196deb0c1eecbb2f8b"
  integrity sha512-457G0hcLrdYA/u1O2XkRMsDKId5VKe3uKPvrKVOyuARa6nXrdhJOOYU9hkKKyQTMru1B8qEP78IAhf/1XnVqKA==

"@next/swc-linux-arm64-musl@14.1.4":
  version "14.1.4"
  resolved "https://registry.yarnpkg.com/@next/swc-linux-arm64-musl/-/swc-linux-arm64-musl-14.1.4.tgz#4bb3196bd402b3f84cf5373ff1021f547264d62f"
  integrity sha512-l/kMG+z6MB+fKA9KdtyprkTQ1ihlJcBh66cf0HvqGP+rXBbOXX0dpJatjZbHeunvEHoBBS69GYQG5ry78JMy3g==

"@next/swc-linux-x64-gnu@14.1.4":
  version "14.1.4"
  resolved "https://registry.yarnpkg.com/@next/swc-linux-x64-gnu/-/swc-linux-x64-gnu-14.1.4.tgz#1b3372c98c83dcdab946cdb4ee06e068b8139ba3"
  integrity sha512-BapIFZ3ZRnvQ1uWbmqEGJuPT9cgLwvKtxhK/L2t4QYO7l+/DxXuIGjvp1x8rvfa/x1FFSsipERZK70pewbtJtw==

"@next/swc-linux-x64-musl@14.1.4":
  version "14.1.4"
  resolved "https://registry.yarnpkg.com/@next/swc-linux-x64-musl/-/swc-linux-x64-musl-14.1.4.tgz#8459088bdc872648ff78f121db596f2533df5808"
  integrity sha512-mqVxTwk4XuBl49qn2A5UmzFImoL1iLm0KQQwtdRJRKl21ylQwwGCxJtIYo2rbfkZHoSKlh/YgztY0qH3wG1xIg==

"@next/swc-win32-arm64-msvc@14.1.4":
  version "14.1.4"
  resolved "https://registry.yarnpkg.com/@next/swc-win32-arm64-msvc/-/swc-win32-arm64-msvc-14.1.4.tgz#84280a08c00cc3be24ddd3a12f4617b108e6dea6"
  integrity sha512-xzxF4ErcumXjO2Pvg/wVGrtr9QQJLk3IyQX1ddAC/fi6/5jZCZ9xpuL9Tzc4KPWMFq8GGWFVDMshZOdHGdkvag==

"@next/swc-win32-ia32-msvc@14.1.4":
  version "14.1.4"
  resolved "https://registry.yarnpkg.com/@next/swc-win32-ia32-msvc/-/swc-win32-ia32-msvc-14.1.4.tgz#23ff7f4bd0a27177428669ef6fa5c3923c738031"
  integrity sha512-WZiz8OdbkpRw6/IU/lredZWKKZopUMhcI2F+XiMAcPja0uZYdMTZQRoQ0WZcvinn9xZAidimE7tN9W5v9Yyfyw==

"@next/swc-win32-x64-msvc@14.1.4":
  version "14.1.4"
  resolved "https://registry.yarnpkg.com/@next/swc-win32-x64-msvc/-/swc-win32-x64-msvc-14.1.4.tgz#bccf5beccfde66d6c66fa4e2509118c796385eda"
  integrity sha512-4Rto21sPfw555sZ/XNLqfxDUNeLhNYGO2dlPqsnuCg8N8a2a9u1ltqBOPQ4vj1Gf7eJC0W2hHG2eYUHuiXgY2w==

"@react-leaflet/core@^2.1.0":
  version "2.1.0"
  resolved "https://registry.yarnpkg.com/@react-leaflet/core/-/core-2.1.0.tgz#383acd31259d7c9ae8fb1b02d5e18fe613c2a13d"
  integrity sha512-Qk7Pfu8BSarKGqILj4x7bCSZ1pjuAPZ+qmRwH5S7mDS91VSbVVsJSrW4qA+GPrro8t69gFYVMWb1Zc4yFmPiVg==

"@swc/helpers@0.5.2":
  version "0.5.2"
  resolved "https://registry.yarnpkg.com/@swc/helpers/-/helpers-0.5.2.tgz#85ea0c76450b61ad7d10a37050289eded783c27d"
  integrity sha512-E4KcWTpoLHqwPHLxidpOqQbcrZVgi0rsmmZXUle1jXmJfuIf/UWpczUJ7MZZ5tlxytgJXyp0w4PGkkeLiuIdZw==
  dependencies:
    tslib "^2.4.0"

"@types/prop-types@*":
  version "15.7.12"
  resolved "https://registry.yarnpkg.com/@types/prop-types/-/prop-types-15.7.12.tgz#12bb1e2be27293c1406acb6af1c3f3a1481d98c6"
  integrity sha512-5zvhXYtRNRluoE/jAp4GVsSduVUzNWKkOZrCDBWYtE7biZywwdC2AcEzg+cSMLFRfVgeAFqpfNabiPjxFddV1Q==

"@types/react-dom@^16.9.14":
  version "16.9.24"
  resolved "https://registry.yarnpkg.com/@types/react-dom/-/react-dom-16.9.24.tgz#4d193d7d011267fca842e8a10a2d738f92ec5c30"
  integrity sha512-Gcmq2JTDheyWn/1eteqyzzWKSqDjYU6KYsIvH7thb7CR5OYInAWOX+7WnKf6PaU/cbdOc4szJItcDEJO7UGmfA==
  dependencies:
    "@types/react" "^16"

"@types/react@^16", "@types/react@^16.14.23":
  version "16.14.60"
  resolved "https://registry.yarnpkg.com/@types/react/-/react-16.14.60.tgz#f7ab62a329b82826f12d02bc8031d4ef4b5e0d81"
  integrity sha512-wIFmnczGsTcgwCBeIYOuy2mdXEiKZ5znU/jNOnMZPQyCcIxauMGWlX0TNG4lZ7NxRKj7YUIZRneJQSSdB2jKgg==
  dependencies:
    "@types/prop-types" "*"
    "@types/scheduler" "^0.16"
    csstype "^3.0.2"

"@types/scheduler@^0.16":
  version "0.16.8"
  resolved "https://registry.yarnpkg.com/@types/scheduler/-/scheduler-0.16.8.tgz#ce5ace04cfeabe7ef87c0091e50752e36707deff"
  integrity sha512-WZLiwShhwLRmeV6zH+GkbOFT6Z6VklCItrDioxUnv+u4Ll+8vKeFySoFyK/0ctcRpOmwAicELfmys1sDc/Rw+A==

acorn@^7.1.1:
  version "7.4.1"
  resolved "https://registry.yarnpkg.com/acorn/-/acorn-7.4.1.tgz#feaed255973d2e77555b83dbc08851a6c63520fa"
  integrity sha512-nQyp0o1/mNdbTO1PO6kHkwSrmgZ0MT/jCCpNiwbUjGoRN4dlBhqJtoQuCnEOKzgTVwg0ZWiCoQy6SxMebQVh8A==

animate.css@latest:
  version "4.1.1"
  resolved "https://registry.yarnpkg.com/animate.css/-/animate.css-4.1.1.tgz#614ec5a81131d7e4dc362a58143f7406abd68075"
  integrity sha512-+mRmCTv6SbCmtYJCN4faJMNFVNN5EuCTTprDTAo7YzIGji2KADmakjVA3+8mVDkZ2Bf09vayB35lSQIex2+QaQ==

anymatch@~3.1.2:
  version "3.1.3"
  resolved "https://registry.yarnpkg.com/anymatch/-/anymatch-3.1.3.tgz#790c58b19ba1720a84205b57c618d5ad8524973e"
  integrity sha512-KMReFUr0B4t+D+OBkjR3KYqvocp2XaSzO55UcB6mgQMd3KbcE+mWTyvVV7D/zsdEbNnV6acZUutkiHQXvTr1Rw==
  dependencies:
    normalize-path "^3.0.0"
    picomatch "^2.0.4"

binary-extensions@^2.0.0:
  version "2.3.0"
  resolved "https://registry.yarnpkg.com/binary-extensions/-/binary-extensions-2.3.0.tgz#f6e14a97858d327252200242d4ccfe522c445522"
  integrity sha512-Ceh+7ox5qe7LJuLHoY0feh3pHuUDHAcRUeyL2VYghZwfpkNIy/+8Ocg0a3UuSoYzavmylwuLWQOf3hl0jjMMIw==

braces@~3.0.2:
  version "3.0.2"
  resolved "https://registry.yarnpkg.com/braces/-/braces-3.0.2.tgz#3454e1a462ee8d599e236df336cd9ea4f8afe107"
  integrity sha512-b8um+L1RzM3WDSzvhm6gIz1yfTbBt6YTlcEKAvsmqCZZFw46z626lVj9j1yEPW33H5H+lBQpZMP1k8l+78Ha0A==
  dependencies:
    fill-range "^7.0.1"

browserify-transform-tools@^1.5.3:
  version "1.7.0"
  resolved "https://registry.yarnpkg.com/browserify-transform-tools/-/browserify-transform-tools-1.7.0.tgz#83e277221f63259bed2e7eb2a283a970a501f4c4"
  integrity sha512-D4/vMGx4ILHI/+Qokdo2x7cxPJqy7uXt0zugOBbDvnCcrQL9/WrgK71GJgrNHF/L4XLErA4cMGlTVmc2sICRnA==
  dependencies:
    falafel "^2.0.0"
    through "^2.3.7"

busboy@1.6.0:
  version "1.6.0"
  resolved "https://registry.yarnpkg.com/busboy/-/busboy-1.6.0.tgz#966ea36a9502e43cdb9146962523b92f531f6893"
  integrity sha512-8SFQbg/0hQ9xy3UNTB0YEnsNBbWfhf7RtnzpL7TkBiTBRfrQ9Fxcnz7VJsleJpyp6rVLvXiuORqjlHi5q+PYuA==
  dependencies:
    streamsearch "^1.1.0"

camel-case@3.0.x:
  version "3.0.0"
  resolved "https://registry.yarnpkg.com/camel-case/-/camel-case-3.0.0.tgz#ca3c3688a4e9cf3a4cda777dc4dcbc713249cf73"
  integrity sha512-+MbKztAYHXPr1jNTSKQF52VpcFjwY5RkR7fxksV8Doo4KAYc5Fl4UJRgthBbTmEx8C54DqahhbLJkDwjI3PI/w==
  dependencies:
    no-case "^2.2.0"
    upper-case "^1.1.1"

caniuse-lite@^1.0.30001579:
  version "1.0.30001620"
  resolved "https://registry.yarnpkg.com/caniuse-lite/-/caniuse-lite-1.0.30001620.tgz#78bb6f35b8fe315b96b8590597094145d0b146b4"
  integrity sha512-WJvYsOjd1/BYUY6SNGUosK9DUidBPDTnOARHp3fSmFO1ekdxaY6nKRttEVrfMmYi80ctS0kz1wiWmm14fVc3ew==

chart.js@^4.4.2:
  version "4.4.2"
  resolved "https://registry.yarnpkg.com/chart.js/-/chart.js-4.4.2.tgz#95962fa6430828ed325a480cc2d5f2b4e385ac31"
  integrity sha512-6GD7iKwFpP5kbSD4MeRRRlTnQvxfQREy36uEtm1hzHzcOqwWx0YEHuspuoNlslu+nciLIB7fjjsHkUv/FzFcOg==
  dependencies:
    "@kurkle/color" "^0.3.0"

"chokidar@>=3.0.0 <4.0.0":
  version "3.6.0"
  resolved "https://registry.yarnpkg.com/chokidar/-/chokidar-3.6.0.tgz#197c6cc669ef2a8dc5e7b4d97ee4e092c3eb0d5b"
  integrity sha512-7VT13fmjotKpGipCW9JEQAusEPE+Ei8nl6/g4FBAmIm0GOOLMua9NDDo/DWp0ZAxCr3cPq5ZpBqmPAQgDda2Pw==
  dependencies:
    anymatch "~3.1.2"
    braces "~3.0.2"
    glob-parent "~5.1.2"
    is-binary-path "~2.1.0"
    is-glob "~4.0.1"
    normalize-path "~3.0.0"
    readdirp "~3.6.0"
  optionalDependencies:
    fsevents "~2.3.2"

clean-css@4.1.x:
  version "4.1.11"
  resolved "https://registry.yarnpkg.com/clean-css/-/clean-css-4.1.11.tgz#2ecdf145aba38f54740f26cefd0ff3e03e125d6a"
  integrity sha512-a3ZEe58u+LizPdSCHM0jIGeKu1hN+oqqXXc1i70mnV0x2Ox3/ho1pE6Y8HD6yhDts5lEQs028H9kutlihP77uQ==
  dependencies:
    source-map "0.5.x"

clean-react-props@^0.4.0:
  version "0.4.0"
  resolved "https://registry.yarnpkg.com/clean-react-props/-/clean-react-props-0.4.0.tgz#68642be5538a5fece380fed704a560de2db67954"
  integrity sha512-8KKm9sC/cUax4SBWwSY5a3W44aJKOUQg39Bo3fRErp3/mF8D1kMN9xc1lvQGmvkK/AmpH2Xh/UYVZOJMcxoy9w==

client-only@0.0.1:
  version "0.0.1"
  resolved "https://registry.yarnpkg.com/client-only/-/client-only-0.0.1.tgz#38bba5d403c41ab150bff64a95c85013cf73bca1"
  integrity sha512-IV3Ou0jSMzZrd3pZ48nLkT9DA7Ag1pnPzaiQhpW7c3RbcqqzvzzVu+L8gfqMp/8IM2MQtSiqaCxrrcfu8I8rMA==

clsx@^2.1.0:
  version "2.1.1"
  resolved "https://registry.yarnpkg.com/clsx/-/clsx-2.1.1.tgz#eed397c9fd8bd882bfb18deab7102049a2f32999"
  integrity sha512-eYm0QWBtUrBWZWG0d386OGAw16Z995PiOVo2B7bjWSbHedGl5e0ZWaq65kOGgUSNesEIDkB9ISbTg/JK9dhCZA==

commander@2.9.x:
  version "2.9.0"
  resolved "https://registry.yarnpkg.com/commander/-/commander-2.9.0.tgz#9c99094176e12240cb22d6c5146098400fe0f7d4"
  integrity sha512-bmkUukX8wAOjHdN26xj5c4ctEV22TQ7dQYhSmuckKhToXrkUn0iIaolHdIxYYqD55nhpSPA9zPQ1yP57GdXP2A==
  dependencies:
    graceful-readlink ">= 1.0.0"

commander@~2.11.0:
  version "2.11.0"
  resolved "https://registry.yarnpkg.com/commander/-/commander-2.11.0.tgz#157152fd1e7a6c8d98a5b715cf376df928004563"
  integrity sha512-b0553uYA5YAEGgyYIGYROzKQ7X5RAqedkfjiZxwi0kL1g3bOaBNNZfYkzt/CL0umgD5wc9Jec2FbB98CjkMRvQ==

core-js@^3.27.2:
  version "3.37.1"
  resolved "https://registry.yarnpkg.com/core-js/-/core-js-3.37.1.tgz#d21751ddb756518ac5a00e4d66499df981a62db9"
  integrity sha512-Xn6qmxrQZyB0FFY8E3bgRXei3lWDJHhvI+u0q9TKIYM49G8pAr0FgnnrFRAmsbptZL1yxRADVXn+x5AGsbBfyw==

countup.js@^2.8.0:
  version "2.8.0"
  resolved "https://registry.yarnpkg.com/countup.js/-/countup.js-2.8.0.tgz#64951f2df3ede28839413d654d8fef28251c32a8"
  integrity sha512-f7xEhX0awl4NOElHulrl4XRfKoNH3rB+qfNSZZyjSZhaAoUk6elvhH+MNxMmlmuUJ2/QNTWPSA7U4mNtIAKljQ==

csstype@^3.0.2:
  version "3.1.3"
  resolved "https://registry.yarnpkg.com/csstype/-/csstype-3.1.3.tgz#d80ff294d114fb0e6ac500fbf85b60137d7eff81"
  integrity sha512-M1uQkMl8rQK/szD0LNhtqxIPLpimGm8sOBwU7lLnCpSbTyY3yeU1Vc7l4KT5zT4s/yOxHH5O7tIuuLOCnLADRw==

date-fns@^3.3.1:
  version "3.6.0"
  resolved "https://registry.yarnpkg.com/date-fns/-/date-fns-3.6.0.tgz#f20ca4fe94f8b754951b24240676e8618c0206bf"
  integrity sha512-fRHTG8g/Gif+kSh50gaGEdToemgfj74aRX3swtiouboip5JDLAyDE9F11nHMIcvOaXeOC6D7SpNhi7uFyB7Uww==

dom-helpers@^5.0.1:
  version "5.2.1"
  resolved "https://registry.yarnpkg.com/dom-helpers/-/dom-helpers-5.2.1.tgz#d9400536b2bf8225ad98fe052e029451ac40e902"
  integrity sha512-nRCa7CK3VTrM2NmGkIy4cbK7IZlgBE/PYMn55rrXefr5xXDP0LdtfPnblFDoVdcAfslJ7or6iqAUnx0CCGIWQA==
  dependencies:
    "@babel/runtime" "^7.8.7"
    csstype "^3.0.2"

falafel@^2.0.0:
  version "2.2.5"
  resolved "https://registry.yarnpkg.com/falafel/-/falafel-2.2.5.tgz#3ccb4970a09b094e9e54fead2deee64b4a589d56"
  integrity sha512-HuC1qF9iTnHDnML9YZAdCDQwT0yKl/U55K4XSUXqGAA2GLoafFgWRqdAbhWJxXaYD4pyoVxAJ8wH670jMpI9DQ==
  dependencies:
    acorn "^7.1.1"
    isarray "^2.0.1"

fill-range@^7.0.1:
  version "7.0.1"
  resolved "https://registry.yarnpkg.com/fill-range/-/fill-range-7.0.1.tgz#1919a6a7c75fe38b2c7c77e5198535da9acdda40"
  integrity sha512-qOo9F+dMUmC2Lcb4BbVvnKJxTPjCm+RRpe4gDuGrzkL7mEVl/djYSu2OdQ2Pa302N4oqkSg9ir6jaLWJ2USVpQ==
  dependencies:
    to-regex-range "^5.0.1"

fsevents@~2.3.2:
  version "2.3.3"
  resolved "https://registry.yarnpkg.com/fsevents/-/fsevents-2.3.3.tgz#cac6407785d03675a2a5e1a5305c697b347d90d6"
  integrity sha512-5xoDfX+fL7faATnagmWPpbFtwh/R77WmMMqqHGS65C3vvB0YHrgF+B1YmZ3441tMj5n63k0212XNoJwzlhffQw==

glob-parent@~5.1.2:
  version "5.1.2"
  resolved "https://registry.yarnpkg.com/glob-parent/-/glob-parent-5.1.2.tgz#869832c58034fe68a4093c17dc15e8340d8401c4"
  integrity sha512-AOIgSQCepiJYwP3ARnGx+5VnTu2HBYdzbGP45eLw1vr3zB3vZLeyed1sC9hnbcOc9/SrMyM5RPQrkGz4aS9Zow==
  dependencies:
    is-glob "^4.0.1"

graceful-fs@^4.2.11:
  version "4.2.11"
  resolved "https://registry.yarnpkg.com/graceful-fs/-/graceful-fs-4.2.11.tgz#4183e4e8bf08bb6e05bbb2f7d2e0c8f712ca40e3"
  integrity sha512-RbJ5/jmFcNNCcDV5o9eTnBLJ/HszWV0P73bc+Ff4nS/rJj+YaS6IGyiOL0VoBYX+l1Wrl3k63h/KrH+nhJ0XvQ==

"graceful-readlink@>= 1.0.0":
  version "1.0.1"
  resolved "https://registry.yarnpkg.com/graceful-readlink/-/graceful-readlink-1.0.1.tgz#4cafad76bc62f02fa039b2f94e9a3dd3a391a725"
  integrity sha512-8tLu60LgxF6XpdbK8OW3FA+IfTNBn1ZHGHKF4KQbEeSkajYw5PlYJcKluntgegDPTg8UkHjpet1T82vk6TQ68w==

he@1.1.x:
  version "1.1.1"
  resolved "https://registry.yarnpkg.com/he/-/he-1.1.1.tgz#93410fd21b009735151f8868c2f271f3427e23fd"
  integrity sha512-z/GDPjlRMNOa2XJiB4em8wJpuuBfrFOlYKTZxtpkdr1uPdibHI8rYA3MY0KDObpVyaes0e/aunid/t88ZI2EKA==

html-minifier@3.5.2:
  version "3.5.2"
  resolved "https://registry.yarnpkg.com/html-minifier/-/html-minifier-3.5.2.tgz#d73bc3ff448942408818ce609bf3fb0ea7ef4eb7"
  integrity sha512-CpXODZQ75jOxqF5CR0vqPKV9LuHw96ijVRbEsSPTPFs4gKd5uuMNEUsAvRgz9OSXS/D4fItq0X8362oXMyjZPw==
  dependencies:
    camel-case "3.0.x"
    clean-css "4.1.x"
    commander "2.9.x"
    he "1.1.x"
    ncname "1.0.x"
    param-case "2.1.x"
    relateurl "0.2.x"
    uglify-js "3.0.x"

immutable@^4.0.0:
  version "4.3.6"
  resolved "https://registry.yarnpkg.com/immutable/-/immutable-4.3.6.tgz#6a05f7858213238e587fb83586ffa3b4b27f0447"
  integrity sha512-Ju0+lEMyzMVZarkTn/gqRpdqd5dOPaz1mCZ0SH3JV6iFw81PldE/PEB1hWVEA288HPt4WXW8O7AWxB10M+03QQ==

is-binary-path@~2.1.0:
  version "2.1.0"
  resolved "https://registry.yarnpkg.com/is-binary-path/-/is-binary-path-2.1.0.tgz#ea1f7f3b80f064236e83470f86c09c254fb45b09"
  integrity sha512-ZMERYes6pDydyuGidse7OsHxtbI7WVeUEozgR/g7rd0xUimYNlvZRE/K2MgZTjWy725IfelLeVcEM97mmtRGXw==
  dependencies:
    binary-extensions "^2.0.0"

is-extglob@^2.1.1:
  version "2.1.1"
  resolved "https://registry.yarnpkg.com/is-extglob/-/is-extglob-2.1.1.tgz#a88c02535791f02ed37c76a1b9ea9773c833f8c2"
  integrity sha512-SbKbANkN603Vi4jEZv49LeVJMn4yGwsbzZworEoyEiutsN3nJYdbO36zfhGJ6QEDpOZIFkDtnq5JRxmvl3jsoQ==

is-glob@^4.0.1, is-glob@~4.0.1:
  version "4.0.3"
  resolved "https://registry.yarnpkg.com/is-glob/-/is-glob-4.0.3.tgz#64f61e42cbbb2eec2071a9dac0b28ba1e65d5084"
  integrity sha512-xelSayHH36ZgE7ZWhli7pW34hNbNl8Ojv5KVmkJD4hBdD3th8Tfk9vYasLM+mXWOZhFkgZfxhLSnrwRr4elSSg==
  dependencies:
    is-extglob "^2.1.1"

is-number@^7.0.0:
  version "7.0.0"
  resolved "https://registry.yarnpkg.com/is-number/-/is-number-7.0.0.tgz#7535345b896734d5f80c4d06c50955527a14f12b"
  integrity sha512-41Cifkg6e8TylSpdtTpeLVMqvSBEVzTttHvERD741+pnZ8ANv0004MRL43QKPDlK9cGvNp6NZWZUBlbGXYxxng==

isarray@^2.0.1:
  version "2.0.5"
  resolved "https://registry.yarnpkg.com/isarray/-/isarray-2.0.5.tgz#8af1e4c1221244cc62459faf38940d4e644a5723"
  integrity sha512-xHjhDr3cNBK0BzdUJSPXZntQUx/mwMS5Rw4A7lPJ90XGAO6ISP/ePDNuo0vhqOZU+UD5JoodwCAAoZQd3FeAKw==

"js-tokens@^3.0.0 || ^4.0.0":
  version "4.0.0"
  resolved "https://registry.yarnpkg.com/js-tokens/-/js-tokens-4.0.0.tgz#19203fb59991df98e3a287050d4647cdeaf32499"
  integrity sha512-RdJUflcE3cUzKiMqQgsCu06FPu9UdIJO0beYbPhHN4k6apgJtifcoCtT9bcxOpYBtpD2kCM6Sbzg4CausW/PKQ==

leaflet@^1.9.4:
  version "1.9.4"
  resolved "https://registry.yarnpkg.com/leaflet/-/leaflet-1.9.4.tgz#23fae724e282fa25745aff82ca4d394748db7d8d"
  integrity sha512-nxS1ynzJOmOlHp+iL3FyWqK89GtNL8U8rvlMOsQdTTssxZwCXh8N2NB3GDQOL+YR3XnWyZAxwQixURb+FA74PA==

lodash.throttle@^4.1.1:
  version "4.1.1"
  resolved "https://registry.yarnpkg.com/lodash.throttle/-/lodash.throttle-4.1.1.tgz#c23e91b710242ac70c37f1e1cda9274cc39bf2f4"
  integrity sha512-wIkUCfVKpVsWo3JSZlc+8MB5it+2AN5W8J7YVMST30UrvcQNZ1Okbj+rbVniijTWE6FGYy4XJq/rHkas8qJMLQ==

loose-envify@^1.1.0, loose-envify@^1.4.0:
  version "1.4.0"
  resolved "https://registry.yarnpkg.com/loose-envify/-/loose-envify-1.4.0.tgz#71ee51fa7be4caec1a63839f7e682d8132d30caf"
  integrity sha512-lyuxPGr/Wfhrlem2CL/UcnUc1zcqKAImBDzukY7Y5F/yQiNdko6+fRLevlw1HgMySw7f611UIY408EtxRSoK3Q==
  dependencies:
    js-tokens "^3.0.0 || ^4.0.0"

lower-case@^1.1.1:
  version "1.1.4"
  resolved "https://registry.yarnpkg.com/lower-case/-/lower-case-1.1.4.tgz#9a2cabd1b9e8e0ae993a4bf7d5875c39c42e8eac"
  integrity sha512-2Fgx1Ycm599x+WGpIYwJOvsjmXFzTSc34IwDWALRA/8AopUKAVPwfJ+h5+f85BCp0PWmmJcWzEpxOpoXycMpdA==

nanoid@^3.3.6:
  version "3.3.7"
  resolved "https://registry.yarnpkg.com/nanoid/-/nanoid-3.3.7.tgz#d0c301a691bc8d54efa0a2226ccf3fe2fd656bd8"
  integrity sha512-eSRppjcPIatRIMC1U6UngP8XFcz8MQWGQdt1MTBQ7NaAmvXDfvNxbvWV3x2y6CdEUciCSsDHDQZbhYaB8QEo2g==

ncname@1.0.x:
  version "1.0.0"
  resolved "https://registry.yarnpkg.com/ncname/-/ncname-1.0.0.tgz#5b57ad18b1ca092864ef62b0b1ed8194f383b71c"
  integrity sha512-VLkyYr2kmPzVzrmkER9i13RJIdGbjNr855gfh2VvuboO1eYnb9k+nFS+JygfSVgtbo/HMpLz5pEYLK4Xjy7XGg==
  dependencies:
    xml-char-classes "^1.0.0"

next@14.1.4:
  version "14.1.4"
  resolved "https://registry.yarnpkg.com/next/-/next-14.1.4.tgz#203310f7310578563fd5c961f0db4729ce7a502d"
  integrity sha512-1WTaXeSrUwlz/XcnhGTY7+8eiaFvdet5z9u3V2jb+Ek1vFo0VhHKSAIJvDWfQpttWjnyw14kBeq28TPq7bTeEQ==
  dependencies:
    "@next/env" "14.1.4"
    "@swc/helpers" "0.5.2"
    busboy "1.6.0"
    caniuse-lite "^1.0.30001579"
    graceful-fs "^4.2.11"
    postcss "8.4.31"
    styled-jsx "5.1.1"
  optionalDependencies:
    "@next/swc-darwin-arm64" "14.1.4"
    "@next/swc-darwin-x64" "14.1.4"
    "@next/swc-linux-arm64-gnu" "14.1.4"
    "@next/swc-linux-arm64-musl" "14.1.4"
    "@next/swc-linux-x64-gnu" "14.1.4"
    "@next/swc-linux-x64-musl" "14.1.4"
    "@next/swc-win32-arm64-msvc" "14.1.4"
    "@next/swc-win32-ia32-msvc" "14.1.4"
    "@next/swc-win32-x64-msvc" "14.1.4"

no-case@^2.2.0:
  version "2.3.2"
  resolved "https://registry.yarnpkg.com/no-case/-/no-case-2.3.2.tgz#60b813396be39b3f1288a4c1ed5d1e7d28b464ac"
  integrity sha512-rmTZ9kz+f3rCvK2TD1Ue/oZlns7OGoIWP4fc3llxxRXlOkHKoWPPWJOfFYpITabSow43QJbRIoHQXtt10VldyQ==
  dependencies:
    lower-case "^1.1.1"

normalize-path@^3.0.0, normalize-path@~3.0.0:
  version "3.0.0"
  resolved "https://registry.yarnpkg.com/normalize-path/-/normalize-path-3.0.0.tgz#0dcd69ff23a1c9b11fd0978316644a0388216a65"
  integrity sha512-6eZs5Ls3WtCisHWp9S2GUy8dqkpGi4BVSz3GaqiE6ezub0512ESztXUwUB6C6IKbQkY2Pnb/mD4WYojCRwcwLA==

object-assign@^4.1.1:
  version "4.1.1"
  resolved "https://registry.yarnpkg.com/object-assign/-/object-assign-4.1.1.tgz#2109adc7965887cfc05cbbd442cac8bfbb360863"
  integrity sha512-rJgTQnkUnH1sFw8yT6VSU3zD3sWmu6sZhIseY8VX+GRu3P6F7Fu+JNDoXfklElbLJSnc3FUQHVe4cU5hj+BcUg==

param-case@2.1.x:
  version "2.1.1"
  resolved "https://registry.yarnpkg.com/param-case/-/param-case-2.1.1.tgz#df94fd8cf6531ecf75e6bef9a0858fbc72be2247"
  integrity sha512-eQE845L6ot89sk2N8liD8HAuH4ca6Vvr7VWAWwt7+kvvG5aBcPmmphQ68JsEG2qa9n1TykS2DLeMt363AAH8/w==
  dependencies:
    no-case "^2.2.0"

picocolors@^1.0.0:
  version "1.0.1"
  resolved "https://registry.yarnpkg.com/picocolors/-/picocolors-1.0.1.tgz#a8ad579b571952f0e5d25892de5445bcfe25aaa1"
  integrity sha512-anP1Z8qwhkbmu7MFP5iTt+wQKXgwzf7zTyGlcdzabySa9vd0Xt392U0rVmz9poOaBj0uHJKyyo9/upk0HrEQew==

picomatch@^2.0.4, picomatch@^2.2.1:
  version "2.3.1"
  resolved "https://registry.yarnpkg.com/picomatch/-/picomatch-2.3.1.tgz#3ba3833733646d9d3e4995946c1365a67fb07a42"
  integrity sha512-JU3teHTNjmE2VCGFzuY8EXzCDVwEqB2a8fsIvwaStHhAWJEeVd1o1QD80CU6+ZdEXXSLbSsuLwJjkCBWqRQUVA==

postcss@8.4.31:
  version "8.4.31"
  resolved "https://registry.yarnpkg.com/postcss/-/postcss-8.4.31.tgz#92b451050a9f914da6755af352bdc0192508656d"
  integrity sha512-PS08Iboia9mts/2ygV3eLpY5ghnUcfLV/EXTOW1E2qYxJKGGBUtNjN76FYHnMs36RmARn41bC0AZmn+rR0OVpQ==
  dependencies:
    nanoid "^3.3.6"
    picocolors "^1.0.0"
    source-map-js "^1.0.2"

prop-types@^15.6.2, prop-types@^15.7.2, prop-types@^15.8.1:
  version "15.8.1"
  resolved "https://registry.yarnpkg.com/prop-types/-/prop-types-15.8.1.tgz#67d87bf1a694f48435cf332c24af10214a3140b5"
  integrity sha512-oj87CgZICdulUohogVAR7AjlC0327U4el4L6eAvOqCeudMDVU0NThNaV+b9Df4dXgSP1gXMTnPdhfe/2qDH5cg==
  dependencies:
    loose-envify "^1.4.0"
    object-assign "^4.1.1"
    react-is "^16.13.1"

react-chartjs-2@^5.2.0:
  version "5.2.0"
  resolved "https://registry.yarnpkg.com/react-chartjs-2/-/react-chartjs-2-5.2.0.tgz#43c1e3549071c00a1a083ecbd26c1ad34d385f5d"
  integrity sha512-98iN5aguJyVSxp5U3CblRLH67J8gkfyGNbiK3c+l1QI/G4irHMPQw44aEPmjVag+YKTyQ260NcF82GTQ3bdscA==

react-countup@^6.5.3:
  version "6.5.3"
  resolved "https://registry.yarnpkg.com/react-countup/-/react-countup-6.5.3.tgz#e892aa3eab2d6ba9c3cdba30bf4ed6764826d848"
  integrity sha512-udnqVQitxC7QWADSPDOxVWULkLvKUWrDapn5i53HE4DPRVgs+Y5rr4bo25qEl8jSh+0l2cToJgGMx+clxPM3+w==
  dependencies:
    countup.js "^2.8.0"

react-datepicker@^6.9.0:
  version "6.9.0"
  resolved "https://registry.yarnpkg.com/react-datepicker/-/react-datepicker-6.9.0.tgz#0ad234dad81d567ae64cad79697bbad69c95490b"
  integrity sha512-QTxuzeem7BUfVFWv+g5WuvzT0c5BPo+XTCNbMTZKSZQLU+cMMwSUHwspaxuIcDlwNcOH0tiJ+bh1fJ2yxOGYWA==
  dependencies:
    "@floating-ui/react" "^0.26.2"
    clsx "^2.1.0"
    date-fns "^3.3.1"
    prop-types "^15.7.2"
    react-onclickoutside "^6.13.0"

react-dom@18.2.0:
  version "18.2.0"
  resolved "https://registry.yarnpkg.com/react-dom/-/react-dom-18.2.0.tgz#22aaf38708db2674ed9ada224ca4aa708d821e3d"
  integrity sha512-6IMTriUmvsjHUjNtEDudZfuDQUoWXVxKHhlEGSk81n4YFS+r/Kl99wXiwlVXtPBtJenozv2P+hxDsw9eA7Xo6g==
  dependencies:
    loose-envify "^1.1.0"
    scheduler "^0.23.0"

react-is@^16.13.1:
  version "16.13.1"
  resolved "https://registry.yarnpkg.com/react-is/-/react-is-16.13.1.tgz#789729a4dc36de2999dc156dd6c1d9c18cea56a4"
  integrity sha512-24e6ynE2H+OKt4kqsOvNd8kBpV65zoxbA4BVsEOB3ARVWQki/DHzaUoC5KuON/BiccDaCCTZBuOcfZs70kR8bQ==

react-leaflet@^4.2.1:
  version "4.2.1"
  resolved "https://registry.yarnpkg.com/react-leaflet/-/react-leaflet-4.2.1.tgz#c300e9eccaf15cb40757552e181200aa10b94780"
  integrity sha512-p9chkvhcKrWn/H/1FFeVSqLdReGwn2qmiobOQGO3BifX+/vV/39qhY8dGqbdcPh1e6jxh/QHriLXr7a4eLFK4Q==
  dependencies:
    "@react-leaflet/core" "^2.1.0"

react-modal-video@^2.0.1:
  version "2.0.1"
  resolved "https://registry.yarnpkg.com/react-modal-video/-/react-modal-video-2.0.1.tgz#ede12736b306316d33d969cd9a8c826c49e23354"
  integrity sha512-ZPoxwbFUtDR8aFfZJ3k9Ux/c7sGcUTYKrlFJSGBoxSABL9WlCkSYhS3vqgPLgQHOJJBfyzdAovHEvsfM1TJeyQ==
  dependencies:
    core-js "^3.27.2"
    react-transition-group "^4.4.2"
    stringify "^5.2.0"

react-nice-select@^1.0.6:
  version "1.0.6"
  resolved "https://registry.yarnpkg.com/react-nice-select/-/react-nice-select-1.0.6.tgz#ba7899f8b818907ffd90ecd3a968a2a8f5c4dbe2"
  integrity sha512-DG/dQu3FSxTJJKbGTJAko7ehNOK8cKo0yf61BSyiTM5hFCP1I/Q5G2+xuTlDrhuUA+p9FjnsM2ebLz7VKQXvsQ==

react-onclickoutside@^6.13.0:
  version "6.13.1"
  resolved "https://registry.yarnpkg.com/react-onclickoutside/-/react-onclickoutside-6.13.1.tgz#1f5e0241c08784b6e65745d91aca0d700c548a89"
  integrity sha512-LdrrxK/Yh9zbBQdFbMTXPp3dTSN9B+9YJQucdDu3JNKRrbdU+H+/TVONJoWtOwy4II8Sqf1y/DTI6w/vGPYW0w==

react-scroll-trigger@^0.6.14:
  version "0.6.14"
  resolved "https://registry.yarnpkg.com/react-scroll-trigger/-/react-scroll-trigger-0.6.14.tgz#7a1eea67356dc98816df138f5971140fbec20c00"
  integrity sha512-Z7l9CMJTU4uPArv/3XaJzCtSej+JeLpbev1X7JxAmZwGf16ya5mxqjeeQ/5O4thvOVK0ZWhgyQf52tH1hg1O7Q==
  dependencies:
    "@types/react" "^16.14.23"
    "@types/react-dom" "^16.9.14"
    clean-react-props "^0.4.0"
    lodash.throttle "^4.1.1"
    prop-types "^15.8.1"

react-slider@^2.0.6:
  version "2.0.6"
  resolved "https://registry.yarnpkg.com/react-slider/-/react-slider-2.0.6.tgz#8c7ff0301211f7c3ff32aa0163b33bdab6258559"
  integrity sha512-gJxG1HwmuMTJ+oWIRCmVWvgwotNCbByTwRkFZC6U4MBsHqJBmxwbYRJUmxy4Tke1ef8r9jfXjgkmY/uHOCEvbA==
  dependencies:
    prop-types "^15.8.1"

react-transition-group@^4.4.2:
  version "4.4.5"
  resolved "https://registry.yarnpkg.com/react-transition-group/-/react-transition-group-4.4.5.tgz#e53d4e3f3344da8521489fbef8f2581d42becdd1"
  integrity sha512-pZcd1MCJoiKiBR2NRxeCRg13uCXbydPnmB4EOeRrY7480qNWO8IIgQG6zlDkm6uRMsURXPuKq0GWtiM59a5Q6g==
  dependencies:
    "@babel/runtime" "^7.5.5"
    dom-helpers "^5.0.1"
    loose-envify "^1.4.0"
    prop-types "^15.6.2"

react@18.2.0:
  version "18.2.0"
  resolved "https://registry.yarnpkg.com/react/-/react-18.2.0.tgz#555bd98592883255fa00de14f1151a917b5d77d5"
  integrity sha512-/3IjMdb2L9QbBdWiW5e3P2/npwMBaU9mHCSCUzNln0ZCYbcfTsGbTJrU/kGemdH2IWmB2ioZ+zkxtmq6g09fGQ==
  dependencies:
    loose-envify "^1.1.0"

readdirp@~3.6.0:
  version "3.6.0"
  resolved "https://registry.yarnpkg.com/readdirp/-/readdirp-3.6.0.tgz#74a370bd857116e245b29cc97340cd431a02a6c7"
  integrity sha512-hOS089on8RduqdbhvQ5Z37A0ESjsqz6qnRcffsMU3495FuTdqSm+7bhJ29JvIOsBDEEnan5DPu9t3To9VRlMzA==
  dependencies:
    picomatch "^2.2.1"

regenerator-runtime@^0.14.0:
  version "0.14.1"
  resolved "https://registry.yarnpkg.com/regenerator-runtime/-/regenerator-runtime-0.14.1.tgz#356ade10263f685dda125100cd862c1db895327f"
  integrity sha512-dYnhHh0nJoMfnkZs6GmmhFknAGRrLznOu5nc9ML+EJxGvrx6H7teuevqVqCuPcPK//3eDrrjQhehXVx9cnkGdw==

relateurl@0.2.x:
  version "0.2.7"
  resolved "https://registry.yarnpkg.com/relateurl/-/relateurl-0.2.7.tgz#54dbf377e51440aca90a4cd274600d3ff2d888a9"
  integrity sha512-G08Dxvm4iDN3MLM0EsP62EDV9IuhXPR6blNz6Utcp7zyV3tr4HVNINt6MpaRWbxoOHT3Q7YN2P+jaHX8vUbgog==

sass@^1.72.0:
  version "1.77.2"
  resolved "https://registry.yarnpkg.com/sass/-/sass-1.77.2.tgz#18d4ed2eefc260cdc8099c5439ec1303fd5863aa"
  integrity sha512-eb4GZt1C3avsX3heBNlrc7I09nyT00IUuo4eFhAbeXWU2fvA7oXI53SxODVAA+zgZCk9aunAZgO+losjR3fAwA==
  dependencies:
    chokidar ">=3.0.0 <4.0.0"
    immutable "^4.0.0"
    source-map-js ">=0.6.2 <2.0.0"

scheduler@^0.23.0:
  version "0.23.2"
  resolved "https://registry.yarnpkg.com/scheduler/-/scheduler-0.23.2.tgz#414ba64a3b282892e944cf2108ecc078d115cdc3"
  integrity sha512-UOShsPwz7NrMUqhR6t0hWjFduvOzbtv7toDH1/hIrfRNIDBnnBWd0CwJTGvTpngVlmwGCdP9/Zl/tVrDqcuYzQ==
  dependencies:
    loose-envify "^1.1.0"

"source-map-js@>=0.6.2 <2.0.0", source-map-js@^1.0.2:
  version "1.2.0"
  resolved "https://registry.yarnpkg.com/source-map-js/-/source-map-js-1.2.0.tgz#16b809c162517b5b8c3e7dcd315a2a5c2612b2af"
  integrity sha512-itJW8lvSA0TXEphiRoawsCksnlf8SyvmFzIhltqAHluXd88pkCd+cXJVHTDwdCr0IzwptSm035IHQktUu1QUMg==

source-map@0.5.x, source-map@~0.5.1:
  version "0.5.7"
  resolved "https://registry.yarnpkg.com/source-map/-/source-map-0.5.7.tgz#8a039d2d1021d22d1ea14c80d8ea468ba2ef3fcc"
  integrity sha512-LbrmJOMUSdEVxIKvdcJzQC+nQhe8FUZQTXQy6+I75skNgn3OoQ0DZA8YnFa7gp8tqtL3KPf1kmo0R5DoApeSGQ==

streamsearch@^1.1.0:
  version "1.1.0"
  resolved "https://registry.yarnpkg.com/streamsearch/-/streamsearch-1.1.0.tgz#404dd1e2247ca94af554e841a8ef0eaa238da764"
  integrity sha512-Mcc5wHehp9aXz1ax6bZUyY5afg9u2rv5cqQI3mRrYkGC8rW2hM02jWuwjtL++LS5qinSyhj2QfLyNsuc+VsExg==

stringify@^5.2.0:
  version "5.2.0"
  resolved "https://registry.yarnpkg.com/stringify/-/stringify-5.2.0.tgz#f22bb1f31ac10b0464eb7ee60f1aa9f71e546512"
  integrity sha512-n0JeEVfYUtukDmUQ7gsO2aTFUa+pI8c+TChB6q8w9X5VBElFOfNbemhPlSrvTXhtAhCLMKEZp9bu7ADeXDtV0w==
  dependencies:
    browserify-transform-tools "^1.5.3"
    html-minifier "3.5.2"

styled-jsx@5.1.1:
  version "5.1.1"
  resolved "https://registry.yarnpkg.com/styled-jsx/-/styled-jsx-5.1.1.tgz#839a1c3aaacc4e735fed0781b8619ea5d0009d1f"
  integrity sha512-pW7uC1l4mBZ8ugbiZrcIsiIvVx1UmTfw7UkC3Um2tmfUq9Bhk8IiyEIPl6F8agHgjzku6j0xQEZbfA5uSgSaCw==
  dependencies:
    client-only "0.0.1"

swiper@^11.1.1:
  version "11.1.3"
  resolved "https://registry.yarnpkg.com/swiper/-/swiper-11.1.3.tgz#ff5cbeea349d207a2423c4106b1905cb12804a19"
  integrity sha512-80MSxonyTxrGcaWj9YgvvhD8OG0B9/9IVZP33vhIEvyWvmKjnQDBieO+29wKvMx285sAtvZyrWBdkxaw6+D3aw==

tabbable@^6.0.0:
  version "6.2.0"
  resolved "https://registry.yarnpkg.com/tabbable/-/tabbable-6.2.0.tgz#732fb62bc0175cfcec257330be187dcfba1f3b97"
  integrity sha512-Cat63mxsVJlzYvN51JmVXIgNoUokrIaT2zLclCXjRd8boZ0004U4KCs/sToJ75C6sdlByWxpYnb5Boif1VSFew==

through@^2.3.7:
  version "2.3.8"
  resolved "https://registry.yarnpkg.com/through/-/through-2.3.8.tgz#0dd4c9ffaabc357960b1b724115d7e0e86a2e1f5"
  integrity sha512-w89qg7PI8wAdvX60bMDP+bFoD5Dvhm9oLheFp5O4a2QF0cSBGsBX4qZmadPMvVqlLJBBci+WqGGOAPvcDeNSVg==

to-regex-range@^5.0.1:
  version "5.0.1"
  resolved "https://registry.yarnpkg.com/to-regex-range/-/to-regex-range-5.0.1.tgz#1648c44aae7c8d988a326018ed72f5b4dd0392e4"
  integrity sha512-65P7iz6X5yEr1cwcgvQxbbIw7Uk3gOy5dIdtZ4rDveLqhrdJP+Li/Hx6tyK0NEb+2GCyneCMJiGqrADCSNk8sQ==
  dependencies:
    is-number "^7.0.0"

tslib@^2.4.0:
  version "2.6.2"
  resolved "https://registry.yarnpkg.com/tslib/-/tslib-2.6.2.tgz#703ac29425e7b37cd6fd456e92404d46d1f3e4ae"
  integrity sha512-AEYxH93jGFPn/a2iVAwW87VuUIkR1FVUKB77NwMF7nBTDkDrrT/Hpt/IrCJ0QXhW27jTBDcf5ZY7w6RiqTMw2Q==

uglify-js@3.0.x:
  version "3.0.28"
  resolved "https://registry.yarnpkg.com/uglify-js/-/uglify-js-3.0.28.tgz#96b8495f0272944787b5843a1679aa326640d5f7"
  integrity sha512-0h/qGay016GG2lVav3Kz174F3T2Vjlz2v6HCt+WDQpoXfco0hWwF5gHK9yh88mUYvIC+N7Z8NT8WpjSp1yoqGA==
  dependencies:
    commander "~2.11.0"
    source-map "~0.5.1"

upper-case@^1.1.1:
  version "1.1.3"
  resolved "https://registry.yarnpkg.com/upper-case/-/upper-case-1.1.3.tgz#f6b4501c2ec4cdd26ba78be7222961de77621598"
  integrity sha512-WRbjgmYzgXkCV7zNVpy5YgrHgbBv126rMALQQMrmzOVC4GM2waQ9x7xtm8VU+1yF2kWyPzI9zbZ48n4vSxwfSA==

wowjs@^1.1.3:
  version "1.1.3"
  resolved "https://registry.yarnpkg.com/wowjs/-/wowjs-1.1.3.tgz#440fc1bb4c7e896840ee47972296a2b59075acbd"
  integrity sha512-HQp1gi56wYmjOYYOMZ08TnDGpT+AO21RJVa0t1NJ3jU8l3dMyP+sY7TO/lilzVp4JFjW88bBY87RnpxdpSKofA==
  dependencies:
    animate.css latest

xml-char-classes@^1.0.0:
  version "1.0.0"
  resolved "https://registry.yarnpkg.com/xml-char-classes/-/xml-char-classes-1.0.0.tgz#64657848a20ffc5df583a42ad8a277b4512bbc4d"
  integrity sha512-dTaaRwm4ccF8UF15/PLT3pNNlZP04qko/FUcr0QBppYLk8+J7xA9gg2vI2X4Kr1PcJAVxwI9NdADex29FX2QVQ==
